
Microsoft Visual Studio Solution File, Format Version 12.00
# Visual Studio Version 16
VisualStudioVersion = 16.0.32802.440
MinimumVisualStudioVersion = 10.0.40219.1
Project("{8BC9CEB8-8B4A-11D0-8D11-00A0C91BC942}") = "Win32FileHandler", "lab1\Win32FileHandler.vcxproj", "{5107F039-FC75-4ACF-A834-1944C5A6264A}"
EndProject
Project("{2150E333-8FDC-42A3-9474-1A3956D46DE8}") = "lab1", "lab1", "{1C5BD49C-96F1-4D7B-A21F-2A655C26424F}"
EndProject
Project("{8BC9CEB8-8B4A-11D0-8D11-00A0C91BC942}") = "MemoryHandler", "lab2\MemoryHandler\MemoryHandler\MemoryHandler.vcxproj", "{4DD7B118-8145-4735-ACD5-1DB104D1927F}"
EndProject
Project("{2150E333-8FDC-42A3-9474-1A3956D46DE8}") = "lab2", "lab2", "{538CEC52-BE50-4659-BCD7-CB3462B178A2}"
EndProject
Project("{2150E333-8FDC-42A3-9474-1A3956D46DE8}") = "MemoryHandler", "MemoryHandler", "{A3F22CF1-05FC-4705-8382-13C8EC62AF9D}"
EndProject
Project("{2150E333-8FDC-42A3-9474-1A3956D46DE8}") = "ReaderApp", "ReaderApp", "{56B10824-13D7-4AB7-A160-D44A7E95394C}"
EndProject
Project("{2150E333-8FDC-42A3-9474-1A3956D46DE8}") = "WriterApp", "WriterApp", "{570E7552-7BE0-40B3-9B2C-9D5763C18718}"
EndProject
Project("{8BC9CEB8-8B4A-11D0-8D11-00A0C91BC942}") = "ReaderApp", "lab2\ReaderApp\ReaderApp\ReaderApp.vcxproj", "{29D8E464-FA04-4A62-B3F0-DB367EC16D36}"
EndProject
Project("{8BC9CEB8-8B4A-11D0-8D11-00A0C91BC942}") = "WriterApp", "lab2\WriterApp\WriterApp\WriterApp.vcxproj", "{26403D29-9D9C-4B99-B9C6-B21C5062A9F3}"
EndProject
Project("{2150E333-8FDC-42A3-9474-1A3956D46DE8}") = "lab3", "lab3", "{4FF9B1B8-D83E-4A03-A7D9-66CCBCA86CBA}"
EndProject
Project("{8BC9CEB8-8B4A-11D0-8D11-00A0C91BC942}") = "NativePiCalculator", "lab3\NativePiCalculator\NativePiCalculator.vcxproj", "{969A5C44-787D-47B6-8B94-D33C5E4C076F}"
EndProject
Project("{8BC9CEB8-8B4A-11D0-8D11-00A0C91BC942}") = "ompPiCalculator", "lab3\ompPiCalculator\ompPiCalculator.vcxproj", "{A09C90C6-7190-487A-B8FA-3E31F306B6BB}"
EndProject
Project("{2150E333-8FDC-42A3-9474-1A3956D46DE8}") = "lab4", "lab4", "{07480668-25F7-4CF3-8B5C-8D7C1DBA43E3}"
EndProject
Project("{8BC9CEB8-8B4A-11D0-8D11-00A0C91BC942}") = "ReaderApp", "lab4\Apps\ReaderApp\ReaderApp.vcxproj", "{018C600A-FEAA-4ED9-84D5-56657FF1119B}"
EndProject
Project("{2150E333-8FDC-42A3-9474-1A3956D46DE8}") = "Apps", "Apps", "{3830AEA1-C048-4F54-8BB0-2E583E187EF5}"
EndProject
Project("{8BC9CEB8-8B4A-11D0-8D11-00A0C91BC942}") = "WriterApp", "lab4\Apps\WriterApp\WriterApp.vcxproj", "{019D9F5B-A031-44DC-859A-AC40FF567309}"
EndProject
Project("{8BC9CEB8-8B4A-11D0-8D11-00A0C91BC942}") = "Coordinator", "lab4\Coordinator\Coordinator.vcxproj", "{AA2E1DB4-70FD-4F7A-A533-C56B0C08FD24}"
EndProject
Project("{2150E333-8FDC-42A3-9474-1A3956D46DE8}") = "ClientServerImitator", "ClientServerImitator", "{E1EFCBCB-931B-4AC2-A170-9622AEA68600}"
EndProject
Project("{8BC9CEB8-8B4A-11D0-8D11-00A0C91BC942}") = "Server", "lab4\ClientServerImitator\Server\Server.vcxproj", "{7AD80186-2A02-4F0B-808A-52F4199DB47C}"
EndProject
Project("{8BC9CEB8-8B4A-11D0-8D11-00A0C91BC942}") = "Client", "Client\Client.vcxproj", "{03D829FF-FD12-4000-94D9-ECE4F7F10313}"
EndProject
Global
	GlobalSection(SolutionConfigurationPlatforms) = preSolution
		Debug|x64 = Debug|x64
		Debug|x86 = Debug|x86
		Release|x64 = Release|x64
		Release|x86 = Release|x86
	EndGlobalSection
	GlobalSection(ProjectConfigurationPlatforms) = postSolution
		{5107F039-FC75-4ACF-A834-1944C5A6264A}.Debug|x64.ActiveCfg = Debug|x64
		{5107F039-FC75-4ACF-A834-1944C5A6264A}.Debug|x64.Build.0 = Debug|x64
		{5107F039-FC75-4ACF-A834-1944C5A6264A}.Debug|x86.ActiveCfg = Debug|Win32
		{5107F039-FC75-4ACF-A834-1944C5A6264A}.Debug|x86.Build.0 = Debug|Win32
		{5107F039-FC75-4ACF-A834-1944C5A6264A}.Release|x64.ActiveCfg = Release|x64
		{5107F039-FC75-4ACF-A834-1944C5A6264A}.Release|x64.Build.0 = Release|x64
		{5107F039-FC75-4ACF-A834-1944C5A6264A}.Release|x86.ActiveCfg = Release|Win32
		{5107F039-FC75-4ACF-A834-1944C5A6264A}.Release|x86.Build.0 = Release|Win32
		{4DD7B118-8145-4735-ACD5-1DB104D1927F}.Debug|x64.ActiveCfg = Debug|x64
		{4DD7B118-8145-4735-ACD5-1DB104D1927F}.Debug|x64.Build.0 = Debug|x64
		{4DD7B118-8145-4735-ACD5-1DB104D1927F}.Debug|x86.ActiveCfg = Debug|Win32
		{4DD7B118-8145-4735-ACD5-1DB104D1927F}.Debug|x86.Build.0 = Debug|Win32
		{4DD7B118-8145-4735-ACD5-1DB104D1927F}.Release|x64.ActiveCfg = Release|x64
		{4DD7B118-8145-4735-ACD5-1DB104D1927F}.Release|x64.Build.0 = Release|x64
		{4DD7B118-8145-4735-ACD5-1DB104D1927F}.Release|x86.ActiveCfg = Release|Win32
		{4DD7B118-8145-4735-ACD5-1DB104D1927F}.Release|x86.Build.0 = Release|Win32
		{29D8E464-FA04-4A62-B3F0-DB367EC16D36}.Debug|x64.ActiveCfg = Debug|x64
		{29D8E464-FA04-4A62-B3F0-DB367EC16D36}.Debug|x64.Build.0 = Debug|x64
		{29D8E464-FA04-4A62-B3F0-DB367EC16D36}.Debug|x86.ActiveCfg = Debug|Win32
		{29D8E464-FA04-4A62-B3F0-DB367EC16D36}.Debug|x86.Build.0 = Debug|Win32
		{29D8E464-FA04-4A62-B3F0-DB367EC16D36}.Release|x64.ActiveCfg = Release|x64
		{29D8E464-FA04-4A62-B3F0-DB367EC16D36}.Release|x64.Build.0 = Release|x64
		{29D8E464-FA04-4A62-B3F0-DB367EC16D36}.Release|x86.ActiveCfg = Release|Win32
		{29D8E464-FA04-4A62-B3F0-DB367EC16D36}.Release|x86.Build.0 = Release|Win32
		{26403D29-9D9C-4B99-B9C6-B21C5062A9F3}.Debug|x64.ActiveCfg = Debug|x64
		{26403D29-9D9C-4B99-B9C6-B21C5062A9F3}.Debug|x64.Build.0 = Debug|x64
		{26403D29-9D9C-4B99-B9C6-B21C5062A9F3}.Debug|x86.ActiveCfg = Debug|Win32
		{26403D29-9D9C-4B99-B9C6-B21C5062A9F3}.Debug|x86.Build.0 = Debug|Win32
		{26403D29-9D9C-4B99-B9C6-B21C5062A9F3}.Release|x64.ActiveCfg = Release|x64
		{26403D29-9D9C-4B99-B9C6-B21C5062A9F3}.Release|x64.Build.0 = Release|x64
		{26403D29-9D9C-4B99-B9C6-B21C5062A9F3}.Release|x86.ActiveCfg = Release|Win32
		{26403D29-9D9C-4B99-B9C6-B21C5062A9F3}.Release|x86.Build.0 = Release|Win32
		{969A5C44-787D-47B6-8B94-D33C5E4C076F}.Debug|x64.ActiveCfg = Debug|x64
		{969A5C44-787D-47B6-8B94-D33C5E4C076F}.Debug|x64.Build.0 = Debug|x64
		{969A5C44-787D-47B6-8B94-D33C5E4C076F}.Debug|x86.ActiveCfg = Debug|Win32
		{969A5C44-787D-47B6-8B94-D33C5E4C076F}.Debug|x86.Build.0 = Debug|Win32
		{969A5C44-787D-47B6-8B94-D33C5E4C076F}.Release|x64.ActiveCfg = Release|x64
		{969A5C44-787D-47B6-8B94-D33C5E4C076F}.Release|x64.Build.0 = Release|x64
		{969A5C44-787D-47B6-8B94-D33C5E4C076F}.Release|x86.ActiveCfg = Release|Win32
		{969A5C44-787D-47B6-8B94-D33C5E4C076F}.Release|x86.Build.0 = Release|Win32
		{A09C90C6-7190-487A-B8FA-3E31F306B6BB}.Debug|x64.ActiveCfg = Debug|x64
		{A09C90C6-7190-487A-B8FA-3E31F306B6BB}.Debug|x64.Build.0 = Debug|x64
		{A09C90C6-7190-487A-B8FA-3E31F306B6BB}.Debug|x86.ActiveCfg = Debug|Win32
		{A09C90C6-7190-487A-B8FA-3E31F306B6BB}.Debug|x86.Build.0 = Debug|Win32
		{A09C90C6-7190-487A-B8FA-3E31F306B6BB}.Release|x64.ActiveCfg = Release|x64
		{A09C90C6-7190-487A-B8FA-3E31F306B6BB}.Release|x64.Build.0 = Release|x64
		{A09C90C6-7190-487A-B8FA-3E31F306B6BB}.Release|x86.ActiveCfg = Release|Win32
		{A09C90C6-7190-487A-B8FA-3E31F306B6BB}.Release|x86.Build.0 = Release|Win32
		{018C600A-FEAA-4ED9-84D5-56657FF1119B}.Debug|x64.ActiveCfg = Debug|x64
		{018C600A-FEAA-4ED9-84D5-56657FF1119B}.Debug|x64.Build.0 = Debug|x64
		{018C600A-FEAA-4ED9-84D5-56657FF1119B}.Debug|x86.ActiveCfg = Debug|Win32
		{018C600A-FEAA-4ED9-84D5-56657FF1119B}.Debug|x86.Build.0 = Debug|Win32
		{018C600A-FEAA-4ED9-84D5-56657FF1119B}.Release|x64.ActiveCfg = Release|x64
		{018C600A-FEAA-4ED9-84D5-56657FF1119B}.Release|x64.Build.0 = Release|x64
		{018C600A-FEAA-4ED9-84D5-56657FF1119B}.Release|x86.ActiveCfg = Release|Win32
		{018C600A-FEAA-4ED9-84D5-56657FF1119B}.Release|x86.Build.0 = Release|Win32
		{019D9F5B-A031-44DC-859A-AC40FF567309}.Debug|x64.ActiveCfg = Debug|x64
		{019D9F5B-A031-44DC-859A-AC40FF567309}.Debug|x64.Build.0 = Debug|x64
		{019D9F5B-A031-44DC-859A-AC40FF567309}.Debug|x86.ActiveCfg = Debug|Win32
		{019D9F5B-A031-44DC-859A-AC40FF567309}.Debug|x86.Build.0 = Debug|Win32
		{019D9F5B-A031-44DC-859A-AC40FF567309}.Release|x64.ActiveCfg = Release|x64
		{019D9F5B-A031-44DC-859A-AC40FF567309}.Release|x64.Build.0 = Release|x64
		{019D9F5B-A031-44DC-859A-AC40FF567309}.Release|x86.ActiveCfg = Release|Win32
		{019D9F5B-A031-44DC-859A-AC40FF567309}.Release|x86.Build.0 = Release|Win32
		{AA2E1DB4-70FD-4F7A-A533-C56B0C08FD24}.Debug|x64.ActiveCfg = Debug|x64
		{AA2E1DB4-70FD-4F7A-A533-C56B0C08FD24}.Debug|x64.Build.0 = Debug|x64
		{AA2E1DB4-70FD-4F7A-A533-C56B0C08FD24}.Debug|x86.ActiveCfg = Debug|Win32
		{AA2E1DB4-70FD-4F7A-A533-C56B0C08FD24}.Debug|x86.Build.0 = Debug|Win32
		{AA2E1DB4-70FD-4F7A-A533-C56B0C08FD24}.Release|x64.ActiveCfg = Release|x64
		{AA2E1DB4-70FD-4F7A-A533-C56B0C08FD24}.Release|x64.Build.0 = Release|x64
		{AA2E1DB4-70FD-4F7A-A533-C56B0C08FD24}.Release|x86.ActiveCfg = Release|Win32
		{AA2E1DB4-70FD-4F7A-A533-C56B0C08FD24}.Release|x86.Build.0 = Release|Win32
		{7AD80186-2A02-4F0B-808A-52F4199DB47C}.Debug|x64.ActiveCfg = Debug|x64
		{7AD80186-2A02-4F0B-808A-52F4199DB47C}.Debug|x64.Build.0 = Debug|x64
		{7AD80186-2A02-4F0B-808A-52F4199DB47C}.Debug|x86.ActiveCfg = Debug|Win32
		{7AD80186-2A02-4F0B-808A-52F4199DB47C}.Debug|x86.Build.0 = Debug|Win32
		{7AD80186-2A02-4F0B-808A-52F4199DB47C}.Release|x64.ActiveCfg = Release|x64
		{7AD80186-2A02-4F0B-808A-52F4199DB47C}.Release|x64.Build.0 = Release|x64
		{7AD80186-2A02-4F0B-808A-52F4199DB47C}.Release|x86.ActiveCfg = Release|Win32
		{7AD80186-2A02-4F0B-808A-52F4199DB47C}.Release|x86.Build.0 = Release|Win32
		{03D829FF-FD12-4000-94D9-ECE4F7F10313}.Debug|x64.ActiveCfg = Debug|x64
		{03D829FF-FD12-4000-94D9-ECE4F7F10313}.Debug|x64.Build.0 = Debug|x64
		{03D829FF-FD12-4000-94D9-ECE4F7F10313}.Debug|x86.ActiveCfg = Debug|Win32
		{03D829FF-FD12-4000-94D9-ECE4F7F10313}.Debug|x86.Build.0 = Debug|Win32
		{03D829FF-FD12-4000-94D9-ECE4F7F10313}.Release|x64.ActiveCfg = Release|x64
		{03D829FF-FD12-4000-94D9-ECE4F7F10313}.Release|x64.Build.0 = Release|x64
		{03D829FF-FD12-4000-94D9-ECE4F7F10313}.Release|x86.ActiveCfg = Release|Win32
		{03D829FF-FD12-4000-94D9-ECE4F7F10313}.Release|x86.Build.0 = Release|Win32
	EndGlobalSection
	GlobalSection(SolutionProperties) = preSolution
		HideSolutionNode = FALSE
	EndGlobalSection
	GlobalSection(NestedProjects) = preSolution
		{5107F039-FC75-4ACF-A834-1944C5A6264A} = {1C5BD49C-96F1-4D7B-A21F-2A655C26424F}
		{4DD7B118-8145-4735-ACD5-1DB104D1927F} = {A3F22CF1-05FC-4705-8382-13C8EC62AF9D}
		{A3F22CF1-05FC-4705-8382-13C8EC62AF9D} = {538CEC52-BE50-4659-BCD7-CB3462B178A2}
		{56B10824-13D7-4AB7-A160-D44A7E95394C} = {538CEC52-BE50-4659-BCD7-CB3462B178A2}
		{570E7552-7BE0-40B3-9B2C-9D5763C18718} = {538CEC52-BE50-4659-BCD7-CB3462B178A2}
		{29D8E464-FA04-4A62-B3F0-DB367EC16D36} = {56B10824-13D7-4AB7-A160-D44A7E95394C}
		{26403D29-9D9C-4B99-B9C6-B21C5062A9F3} = {570E7552-7BE0-40B3-9B2C-9D5763C18718}
		{969A5C44-787D-47B6-8B94-D33C5E4C076F} = {4FF9B1B8-D83E-4A03-A7D9-66CCBCA86CBA}
		{A09C90C6-7190-487A-B8FA-3E31F306B6BB} = {4FF9B1B8-D83E-4A03-A7D9-66CCBCA86CBA}
		{018C600A-FEAA-4ED9-84D5-56657FF1119B} = {3830AEA1-C048-4F54-8BB0-2E583E187EF5}
		{3830AEA1-C048-4F54-8BB0-2E583E187EF5} = {07480668-25F7-4CF3-8B5C-8D7C1DBA43E3}
		{019D9F5B-A031-44DC-859A-AC40FF567309} = {3830AEA1-C048-4F54-8BB0-2E583E187EF5}
		{AA2E1DB4-70FD-4F7A-A533-C56B0C08FD24} = {07480668-25F7-4CF3-8B5C-8D7C1DBA43E3}
		{E1EFCBCB-931B-4AC2-A170-9622AEA68600} = {07480668-25F7-4CF3-8B5C-8D7C1DBA43E3}
		{7AD80186-2A02-4F0B-808A-52F4199DB47C} = {E1EFCBCB-931B-4AC2-A170-9622AEA68600}
		{03D829FF-FD12-4000-94D9-ECE4F7F10313} = {E1EFCBCB-931B-4AC2-A170-9622AEA68600}
	EndGlobalSection
	GlobalSection(ExtensibilityGlobals) = postSolution
		SolutionGuid = {D475D100-E252-4DD6-AACE-D0CBC36ADBB2}
	EndGlobalSection
EndGlobal
