
Microsoft Visual Studio Solution File, Format Version 12.00
# Visual Studio Version 16
VisualStudioVersion = 16.0.32802.440
MinimumVisualStudioVersion = 10.0.40219.1
Project("{8BC9CEB8-8B4A-11D0-8D11-00A0C91BC942}") = "Win32FileHandler", "lab1\Win32FileHandler.vcxproj", "{5107F039-FC75-4ACF-A834-1944C5A6264A}"
EndProject
Project("{2150E333-8FDC-42A3-9474-1A3956D46DE8}") = "lab1", "lab1", "{1C5BD49C-96F1-4D7B-A21F-2A655C26424F}"
EndProject
Project("{8BC9CEB8-8B4A-11D0-8D11-00A0C91BC942}") = "MemoryHandler", "lab2\MemoryHandler\MemoryHandler\MemoryHandler.vcxproj", "{4DD7B118-8145-4735-ACD5-1DB104D1927F}"
EndProject
Project("{2150E333-8FDC-42A3-9474-1A3956D46DE8}") = "lab2", "lab2", "{538CEC52-BE50-4659-BCD7-CB3462B178A2}"
EndProject
Project("{2150E333-8FDC-42A3-9474-1A3956D46DE8}") = "MemoryHandler", "MemoryHandler", "{A3F22CF1-05FC-4705-8382-13C8EC62AF9D}"
EndProject
Project("{2150E333-8FDC-42A3-9474-1A3956D46DE8}") = "ReaderApp", "ReaderApp", "{56B10824-13D7-4AB7-A160-D44A7E95394C}"
EndProject
Project("{2150E333-8FDC-42A3-9474-1A3956D46DE8}") = "WriterApp", "WriterApp", "{570E7552-7BE0-40B3-9B2C-9D5763C18718}"
EndProject
Project("{8BC9CEB8-8B4A-11D0-8D11-00A0C91BC942}") = "ReaderApp", "lab2\ReaderApp\ReaderApp\ReaderApp.vcxproj", "{29D8E464-FA04-4A62-B3F0-DB367EC16D36}"
EndProject
Project("{8BC9CEB8-8B4A-11D0-8D11-00A0C91BC942}") = "WriterApp", "lab2\WriterApp\WriterApp\WriterApp.vcxproj", "{26403D29-9D9C-4B99-B9C6-B21C5062A9F3}"
EndProject
Project("{2150E333-8FDC-42A3-9474-1A3956D46DE8}") = "lab3", "lab3", "{4FF9B1B8-D83E-4A03-A7D9-66CCBCA86CBA}"
EndProject
Project("{8BC9CEB8-8B4A-11D0-8D11-00A0C91BC942}") = "NativePiCalculator", "lab3\NativePiCalculator\NativePiCalculator.vcxproj", "{969A5C44-787D-47B6-8B94-D33C5E4C076F}"
EndProject
Project("{8BC9CEB8-8B4A-11D0-8D11-00A0C91BC942}") = "ompPiCalculator", "lab3\ompPiCalculator\ompPiCalculator.vcxproj", "{A09C90C6-7190-487A-B8FA-3E31F306B6BB}"
EndProject
Global
	GlobalSection(SolutionConfigurationPlatforms) = preSolution
		Debug|x64 = Debug|x64
		Debug|x86 = Debug|x86
		Release|x64 = Release|x64
		Release|x86 = Release|x86
	EndGlobalSection
	GlobalSection(ProjectConfigurationPlatforms) = postSolution
		{5107F039-FC75-4ACF-A834-1944C5A6264A}.Debug|x64.ActiveCfg = Debug|x64
		{5107F039-FC75-4ACF-A834-1944C5A6264A}.Debug|x64.Build.0 = Debug|x64
		{5107F039-FC75-4ACF-A834-1944C5A6264A}.Debug|x86.ActiveCfg = Debug|Win32
		{5107F039-FC75-4ACF-A834-1944C5A6264A}.Debug|x86.Build.0 = Debug|Win32
		{5107F039-FC75-4ACF-A834-1944C5A6264A}.Release|x64.ActiveCfg = Release|x64
		{5107F039-FC75-4ACF-A834-1944C5A6264A}.Release|x64.Build.0 = Release|x64
		{5107F039-FC75-4ACF-A834-1944C5A6264A}.Release|x86.ActiveCfg = Release|Win32
		{5107F039-FC75-4ACF-A834-1944C5A6264A}.Release|x86.Build.0 = Release|Win32
		{4DD7B118-8145-4735-ACD5-1DB104D1927F}.Debug|x64.ActiveCfg = Debug|x64
		{4DD7B118-8145-4735-ACD5-1DB104D1927F}.Debug|x64.Build.0 = Debug|x64
		{4DD7B118-8145-4735-ACD5-1DB104D1927F}.Debug|x86.ActiveCfg = Debug|Win32
		{4DD7B118-8145-4735-ACD5-1DB104D1927F}.Debug|x86.Build.0 = Debug|Win32
		{4DD7B118-8145-4735-ACD5-1DB104D1927F}.Release|x64.ActiveCfg = Release|x64
		{4DD7B118-8145-4735-ACD5-1DB104D1927F}.Release|x64.Build.0 = Release|x64
		{4DD7B118-8145-4735-ACD5-1DB104D1927F}.Release|x86.ActiveCfg = Release|Win32
		{4DD7B118-8145-4735-ACD5-1DB104D1927F}.Release|x86.Build.0 = Release|Win32
		{29D8E464-FA04-4A62-B3F0-DB367EC16D36}.Debug|x64.ActiveCfg = Debug|x64
		{29D8E464-FA04-4A62-B3F0-DB367EC16D36}.Debug|x64.Build.0 = Debug|x64
		{29D8E464-FA04-4A62-B3F0-DB367EC16D36}.Debug|x86.ActiveCfg = Debug|Win32
		{29D8E464-FA04-4A62-B3F0-DB367EC16D36}.Debug|x86.Build.0 = Debug|Win32
		{29D8E464-FA04-4A62-B3F0-DB367EC16D36}.Release|x64.ActiveCfg = Release|x64
		{29D8E464-FA04-4A62-B3F0-DB367EC16D36}.Release|x64.Build.0 = Release|x64
		{29D8E464-FA04-4A62-B3F0-DB367EC16D36}.Release|x86.ActiveCfg = Release|Win32
		{29D8E464-FA04-4A62-B3F0-DB367EC16D36}.Release|x86.Build.0 = Release|Win32
		{26403D29-9D9C-4B99-B9C6-B21C5062A9F3}.Debug|x64.ActiveCfg = Debug|x64
		{26403D29-9D9C-4B99-B9C6-B21C5062A9F3}.Debug|x64.Build.0 = Debug|x64
		{26403D29-9D9C-4B99-B9C6-B21C5062A9F3}.Debug|x86.ActiveCfg = Debug|Win32
		{26403D29-9D9C-4B99-B9C6-B21C5062A9F3}.Debug|x86.Build.0 = Debug|Win32
		{26403D29-9D9C-4B99-B9C6-B21C5062A9F3}.Release|x64.ActiveCfg = Release|x64
		{26403D29-9D9C-4B99-B9C6-B21C5062A9F3}.Release|x64.Build.0 = Release|x64
		{26403D29-9D9C-4B99-B9C6-B21C5062A9F3}.Release|x86.ActiveCfg = Release|Win32
		{26403D29-9D9C-4B99-B9C6-B21C5062A9F3}.Release|x86.Build.0 = Release|Win32
		{969A5C44-787D-47B6-8B94-D33C5E4C076F}.Debug|x64.ActiveCfg = Debug|x64
		{969A5C44-787D-47B6-8B94-D33C5E4C076F}.Debug|x64.Build.0 = Debug|x64
		{969A5C44-787D-47B6-8B94-D33C5E4C076F}.Debug|x86.ActiveCfg = Debug|Win32
		{969A5C44-787D-47B6-8B94-D33C5E4C076F}.Debug|x86.Build.0 = Debug|Win32
		{969A5C44-787D-47B6-8B94-D33C5E4C076F}.Release|x64.ActiveCfg = Release|x64
		{969A5C44-787D-47B6-8B94-D33C5E4C076F}.Release|x64.Build.0 = Release|x64
		{969A5C44-787D-47B6-8B94-D33C5E4C076F}.Release|x86.ActiveCfg = Release|Win32
		{969A5C44-787D-47B6-8B94-D33C5E4C076F}.Release|x86.Build.0 = Release|Win32
		{A09C90C6-7190-487A-B8FA-3E31F306B6BB}.Debug|x64.ActiveCfg = Debug|x64
		{A09C90C6-7190-487A-B8FA-3E31F306B6BB}.Debug|x64.Build.0 = Debug|x64
		{A09C90C6-7190-487A-B8FA-3E31F306B6BB}.Debug|x86.ActiveCfg = Debug|Win32
		{A09C90C6-7190-487A-B8FA-3E31F306B6BB}.Debug|x86.Build.0 = Debug|Win32
		{A09C90C6-7190-487A-B8FA-3E31F306B6BB}.Release|x64.ActiveCfg = Release|x64
		{A09C90C6-7190-487A-B8FA-3E31F306B6BB}.Release|x64.Build.0 = Release|x64
		{A09C90C6-7190-487A-B8FA-3E31F306B6BB}.Release|x86.ActiveCfg = Release|Win32
		{A09C90C6-7190-487A-B8FA-3E31F306B6BB}.Release|x86.Build.0 = Release|Win32
	EndGlobalSection
	GlobalSection(SolutionProperties) = preSolution
		HideSolutionNode = FALSE
	EndGlobalSection
	GlobalSection(NestedProjects) = preSolution
		{5107F039-FC75-4ACF-A834-1944C5A6264A} = {1C5BD49C-96F1-4D7B-A21F-2A655C26424F}
		{4DD7B118-8145-4735-ACD5-1DB104D1927F} = {A3F22CF1-05FC-4705-8382-13C8EC62AF9D}
		{A3F22CF1-05FC-4705-8382-13C8EC62AF9D} = {538CEC52-BE50-4659-BCD7-CB3462B178A2}
		{56B10824-13D7-4AB7-A160-D44A7E95394C} = {538CEC52-BE50-4659-BCD7-CB3462B178A2}
		{570E7552-7BE0-40B3-9B2C-9D5763C18718} = {538CEC52-BE50-4659-BCD7-CB3462B178A2}
		{29D8E464-FA04-4A62-B3F0-DB367EC16D36} = {56B10824-13D7-4AB7-A160-D44A7E95394C}
		{26403D29-9D9C-4B99-B9C6-B21C5062A9F3} = {570E7552-7BE0-40B3-9B2C-9D5763C18718}
		{969A5C44-787D-47B6-8B94-D33C5E4C076F} = {4FF9B1B8-D83E-4A03-A7D9-66CCBCA86CBA}
		{A09C90C6-7190-487A-B8FA-3E31F306B6BB} = {4FF9B1B8-D83E-4A03-A7D9-66CCBCA86CBA}
	EndGlobalSection
	GlobalSection(ExtensibilityGlobals) = postSolution
		SolutionGuid = {D475D100-E252-4DD6-AACE-D0CBC36ADBB2}
	EndGlobalSection
EndGlobal
